
Microsoft Visual Studio Solution File, Format Version 12.00
Project("{2150E333-8FDC-42A3-9474-1A3956D46DE8}") = "homework", "homework", "{AB124BCF-7DC4-45CD-9219-B6BF976750A7}"
EndProject
Project("{2150E333-8FDC-42A3-9474-1A3956D46DE8}") = "patterns", "patterns", "{99023BAC-A8E4-4FC2-B2B5-C61F895C2F71}"
EndProject
Project("{8BC9CEB8-8B4A-11D0-8D11-00A0C91BC942}") = "Singletone", "Singletone\Singletone.vcxproj", "{ABDD972C-12CF-4761-A0B9-EF8369C91B84}"
EndProject
Project("{8BC9CEB8-8B4A-11D0-8D11-00A0C91BC942}") = "FactoryMethod", "FactoryMethod\FactoryMethod.vcxproj", "{67BA2AD4-B8B1-4B01-A2B7-ED4388BBBF7C}"
EndProject
Project("{FAE04EC0-301F-11D3-BF4B-00C04F79EFBC}") = "Builder", "Builder\Builder.csproj", "{3B8CDF46-3877-4E3E-B357-04CCCB031C01}"
EndProject
Project("{2150E333-8FDC-42A3-9474-1A3956D46DE8}") = "oop-relations", "oop-relations", "{D4F1C3AD-ADCA-4958-896B-745D59097C6E}"
EndProject
Project("{FAE04EC0-301F-11D3-BF4B-00C04F79EFBC}") = "Relation", "Relation\Relation.csproj", "{BAE05978-A327-42C4-AF8A-31D4023D0EAC}"
EndProject
Project("{8BC9CEB8-8B4A-11D0-8D11-00A0C91BC942}") = "Prototype", "Prototype\Prototype.vcxproj", "{EB1252AC-A9C8-477C-B357-FA2E653A0BC3}"
EndProject
Project("{FAE04EC0-301F-11D3-BF4B-00C04F79EFBC}") = "AbstractFactory", "AbstractFactory\AbstractFactory.csproj", "{88476067-3A15-4826-8311-DC5304E9017D}"
EndProject
Global
	GlobalSection(SolutionConfigurationPlatforms) = preSolution
		Debug|Any CPU = Debug|Any CPU
		Release|Any CPU = Release|Any CPU
	EndGlobalSection
	GlobalSection(NestedProjects) = preSolution
		{99023BAC-A8E4-4FC2-B2B5-C61F895C2F71} = {AB124BCF-7DC4-45CD-9219-B6BF976750A7}
		{ABDD972C-12CF-4761-A0B9-EF8369C91B84} = {99023BAC-A8E4-4FC2-B2B5-C61F895C2F71}
		{67BA2AD4-B8B1-4B01-A2B7-ED4388BBBF7C} = {99023BAC-A8E4-4FC2-B2B5-C61F895C2F71}
		{3B8CDF46-3877-4E3E-B357-04CCCB031C01} = {99023BAC-A8E4-4FC2-B2B5-C61F895C2F71}
		{D4F1C3AD-ADCA-4958-896B-745D59097C6E} = {AB124BCF-7DC4-45CD-9219-B6BF976750A7}
		{BAE05978-A327-42C4-AF8A-31D4023D0EAC} = {D4F1C3AD-ADCA-4958-896B-745D59097C6E}
		{EB1252AC-A9C8-477C-B357-FA2E653A0BC3} = {99023BAC-A8E4-4FC2-B2B5-C61F895C2F71}
		{88476067-3A15-4826-8311-DC5304E9017D} = {99023BAC-A8E4-4FC2-B2B5-C61F895C2F71}
	EndGlobalSection
	GlobalSection(ProjectConfigurationPlatforms) = postSolution
		{ABDD972C-12CF-4761-A0B9-EF8369C91B84}.Debug|Any CPU.ActiveCfg = Debug|Win32
		{ABDD972C-12CF-4761-A0B9-EF8369C91B84}.Debug|Any CPU.Build.0 = Debug|Win32
		{ABDD972C-12CF-4761-A0B9-EF8369C91B84}.Release|Any CPU.ActiveCfg = Release|Win32
		{ABDD972C-12CF-4761-A0B9-EF8369C91B84}.Release|Any CPU.Build.0 = Release|Win32
		{67BA2AD4-B8B1-4B01-A2B7-ED4388BBBF7C}.Debug|Any CPU.ActiveCfg = Debug|Win32
		{67BA2AD4-B8B1-4B01-A2B7-ED4388BBBF7C}.Debug|Any CPU.Build.0 = Debug|Win32
		{67BA2AD4-B8B1-4B01-A2B7-ED4388BBBF7C}.Release|Any CPU.ActiveCfg = Release|Win32
		{67BA2AD4-B8B1-4B01-A2B7-ED4388BBBF7C}.Release|Any CPU.Build.0 = Release|Win32
		{3B8CDF46-3877-4E3E-B357-04CCCB031C01}.Debug|Any CPU.ActiveCfg = Debug|Any CPU
		{3B8CDF46-3877-4E3E-B357-04CCCB031C01}.Debug|Any CPU.Build.0 = Debug|Any CPU
		{3B8CDF46-3877-4E3E-B357-04CCCB031C01}.Release|Any CPU.ActiveCfg = Release|Any CPU
		{3B8CDF46-3877-4E3E-B357-04CCCB031C01}.Release|Any CPU.Build.0 = Release|Any CPU
		{BAE05978-A327-42C4-AF8A-31D4023D0EAC}.Debug|Any CPU.ActiveCfg = Debug|Any CPU
		{BAE05978-A327-42C4-AF8A-31D4023D0EAC}.Debug|Any CPU.Build.0 = Debug|Any CPU
		{BAE05978-A327-42C4-AF8A-31D4023D0EAC}.Release|Any CPU.ActiveCfg = Release|Any CPU
		{BAE05978-A327-42C4-AF8A-31D4023D0EAC}.Release|Any CPU.Build.0 = Release|Any CPU
		{EB1252AC-A9C8-477C-B357-FA2E653A0BC3}.Debug|Any CPU.ActiveCfg = Debug|Win32
		{EB1252AC-A9C8-477C-B357-FA2E653A0BC3}.Debug|Any CPU.Build.0 = Debug|Win32
		{EB1252AC-A9C8-477C-B357-FA2E653A0BC3}.Release|Any CPU.ActiveCfg = Release|Win32
		{EB1252AC-A9C8-477C-B357-FA2E653A0BC3}.Release|Any CPU.Build.0 = Release|Win32
		{88476067-3A15-4826-8311-DC5304E9017D}.Debug|Any CPU.ActiveCfg = Debug|Any CPU
		{88476067-3A15-4826-8311-DC5304E9017D}.Debug|Any CPU.Build.0 = Debug|Any CPU
		{88476067-3A15-4826-8311-DC5304E9017D}.Release|Any CPU.ActiveCfg = Release|Any CPU
		{88476067-3A15-4826-8311-DC5304E9017D}.Release|Any CPU.Build.0 = Release|Any CPU
	EndGlobalSection
EndGlobal
