
Microsoft Visual Studio Solution File, Format Version 12.00
Project("{2150E333-8FDC-42A3-9474-1A3956D46DE8}") = "homework", "homework", "{AB124BCF-7DC4-45CD-9219-B6BF976750A7}"
EndProject
Project("{2150E333-8FDC-42A3-9474-1A3956D46DE8}") = "patterns", "patterns", "{99023BAC-A8E4-4FC2-B2B5-C61F895C2F71}"
EndProject
Project("{8BC9CEB8-8B4A-11D0-8D11-00A0C91BC942}") = "Singletone", "Singletone\Singletone.vcxproj", "{ABDD972C-12CF-4761-A0B9-EF8369C91B84}"
EndProject
Project("{8BC9CEB8-8B4A-11D0-8D11-00A0C91BC942}") = "FactoryMethod", "FactoryMethod\FactoryMethod.vcxproj", "{67BA2AD4-B8B1-4B01-A2B7-ED4388BBBF7C}"
EndProject
Project("{FAE04EC0-301F-11D3-BF4B-00C04F79EFBC}") = "Builder", "Builder\Builder.csproj", "{3B8CDF46-3877-4E3E-B357-04CCCB031C01}"
EndProject
Project("{2150E333-8FDC-42A3-9474-1A3956D46DE8}") = "oop-relations", "oop-relations", "{D4F1C3AD-ADCA-4958-896B-745D59097C6E}"
EndProject
Project("{8BC9CEB8-8B4A-11D0-8D11-00A0C91BC942}") = "Prototype", "Prototype\Prototype.vcxproj", "{EB1252AC-A9C8-477C-B357-FA2E653A0BC3}"
EndProject
Project("{FAE04EC0-301F-11D3-BF4B-00C04F79EFBC}") = "AbstractFactory", "AbstractFactory\AbstractFactory.csproj", "{88476067-3A15-4826-8311-DC5304E9017D}"
EndProject
Project("{8BC9CEB8-8B4A-11D0-8D11-00A0C91BC942}") = "Association", "Association\Association.vcxproj", "{87354807-73E4-4F8D-9466-FD8D0ADD0934}"
EndProject
Project("{8BC9CEB8-8B4A-11D0-8D11-00A0C91BC942}") = "Compotision", "Compotision\Compotision.vcxproj", "{3A87F162-3059-423E-BE9E-5C1D6464197F}"
EndProject
Project("{8BC9CEB8-8B4A-11D0-8D11-00A0C91BC942}") = "Agregation", "Agregation\Agregation.vcxproj", "{9D17F2B6-5569-479A-B335-8A9C50DC47A5}"
EndProject
Project("{2150E333-8FDC-42A3-9474-1A3956D46DE8}") = "CreationalPatterns", "CreationalPatterns", "{87C30D0E-2987-45C4-877D-15BF78C04329}"
EndProject
Project("{FAE04EC0-301F-11D3-BF4B-00C04F79EFBC}") = "StructurePatterns", "StructurePatterns\StructurePatterns.csproj", "{520681DA-D9D8-4DA5-9A5F-F5B0494C5B1A}"
EndProject
Project("{2150E333-8FDC-42A3-9474-1A3956D46DE8}") = "Collections", "Collections", "{9EDD4EAA-D674-4814-85D0-B848F8EEF6F1}"
EndProject
Project("{8BC9CEB8-8B4A-11D0-8D11-00A0C91BC942}") = "MyVector", "MyVector\MyVector.vcxproj", "{AA7E73EC-631D-41B0-9A75-B51B579C7D86}"
EndProject
Global
	GlobalSection(SolutionConfigurationPlatforms) = preSolution
		Debug|Any CPU = Debug|Any CPU
		Release|Any CPU = Release|Any CPU
	EndGlobalSection
	GlobalSection(NestedProjects) = preSolution
		{99023BAC-A8E4-4FC2-B2B5-C61F895C2F71} = {AB124BCF-7DC4-45CD-9219-B6BF976750A7}
		{D4F1C3AD-ADCA-4958-896B-745D59097C6E} = {AB124BCF-7DC4-45CD-9219-B6BF976750A7}
		{87354807-73E4-4F8D-9466-FD8D0ADD0934} = {D4F1C3AD-ADCA-4958-896B-745D59097C6E}
		{3A87F162-3059-423E-BE9E-5C1D6464197F} = {D4F1C3AD-ADCA-4958-896B-745D59097C6E}
		{9D17F2B6-5569-479A-B335-8A9C50DC47A5} = {D4F1C3AD-ADCA-4958-896B-745D59097C6E}
		{87C30D0E-2987-45C4-877D-15BF78C04329} = {99023BAC-A8E4-4FC2-B2B5-C61F895C2F71}
		{88476067-3A15-4826-8311-DC5304E9017D} = {87C30D0E-2987-45C4-877D-15BF78C04329}
		{3B8CDF46-3877-4E3E-B357-04CCCB031C01} = {87C30D0E-2987-45C4-877D-15BF78C04329}
		{67BA2AD4-B8B1-4B01-A2B7-ED4388BBBF7C} = {87C30D0E-2987-45C4-877D-15BF78C04329}
		{EB1252AC-A9C8-477C-B357-FA2E653A0BC3} = {87C30D0E-2987-45C4-877D-15BF78C04329}
		{ABDD972C-12CF-4761-A0B9-EF8369C91B84} = {87C30D0E-2987-45C4-877D-15BF78C04329}
		{520681DA-D9D8-4DA5-9A5F-F5B0494C5B1A} = {99023BAC-A8E4-4FC2-B2B5-C61F895C2F71}
		{9EDD4EAA-D674-4814-85D0-B848F8EEF6F1} = {AB124BCF-7DC4-45CD-9219-B6BF976750A7}
		{AA7E73EC-631D-41B0-9A75-B51B579C7D86} = {9EDD4EAA-D674-4814-85D0-B848F8EEF6F1}
	EndGlobalSection
	GlobalSection(ProjectConfigurationPlatforms) = postSolution
		{ABDD972C-12CF-4761-A0B9-EF8369C91B84}.Debug|Any CPU.ActiveCfg = Debug|Win32
		{ABDD972C-12CF-4761-A0B9-EF8369C91B84}.Debug|Any CPU.Build.0 = Debug|Win32
		{ABDD972C-12CF-4761-A0B9-EF8369C91B84}.Release|Any CPU.ActiveCfg = Release|Win32
		{ABDD972C-12CF-4761-A0B9-EF8369C91B84}.Release|Any CPU.Build.0 = Release|Win32
		{67BA2AD4-B8B1-4B01-A2B7-ED4388BBBF7C}.Debug|Any CPU.ActiveCfg = Debug|Win32
		{67BA2AD4-B8B1-4B01-A2B7-ED4388BBBF7C}.Debug|Any CPU.Build.0 = Debug|Win32
		{67BA2AD4-B8B1-4B01-A2B7-ED4388BBBF7C}.Release|Any CPU.ActiveCfg = Release|Win32
		{67BA2AD4-B8B1-4B01-A2B7-ED4388BBBF7C}.Release|Any CPU.Build.0 = Release|Win32
		{3B8CDF46-3877-4E3E-B357-04CCCB031C01}.Debug|Any CPU.ActiveCfg = Debug|Any CPU
		{3B8CDF46-3877-4E3E-B357-04CCCB031C01}.Debug|Any CPU.Build.0 = Debug|Any CPU
		{3B8CDF46-3877-4E3E-B357-04CCCB031C01}.Release|Any CPU.ActiveCfg = Release|Any CPU
		{3B8CDF46-3877-4E3E-B357-04CCCB031C01}.Release|Any CPU.Build.0 = Release|Any CPU
		{EB1252AC-A9C8-477C-B357-FA2E653A0BC3}.Debug|Any CPU.ActiveCfg = Debug|Win32
		{EB1252AC-A9C8-477C-B357-FA2E653A0BC3}.Debug|Any CPU.Build.0 = Debug|Win32
		{EB1252AC-A9C8-477C-B357-FA2E653A0BC3}.Release|Any CPU.ActiveCfg = Release|Win32
		{EB1252AC-A9C8-477C-B357-FA2E653A0BC3}.Release|Any CPU.Build.0 = Release|Win32
		{88476067-3A15-4826-8311-DC5304E9017D}.Debug|Any CPU.ActiveCfg = Debug|Any CPU
		{88476067-3A15-4826-8311-DC5304E9017D}.Debug|Any CPU.Build.0 = Debug|Any CPU
		{88476067-3A15-4826-8311-DC5304E9017D}.Release|Any CPU.ActiveCfg = Release|Any CPU
		{88476067-3A15-4826-8311-DC5304E9017D}.Release|Any CPU.Build.0 = Release|Any CPU
		{87354807-73E4-4F8D-9466-FD8D0ADD0934}.Debug|Any CPU.ActiveCfg = Debug|Win32
		{87354807-73E4-4F8D-9466-FD8D0ADD0934}.Debug|Any CPU.Build.0 = Debug|Win32
		{87354807-73E4-4F8D-9466-FD8D0ADD0934}.Release|Any CPU.ActiveCfg = Release|Win32
		{87354807-73E4-4F8D-9466-FD8D0ADD0934}.Release|Any CPU.Build.0 = Release|Win32
		{3A87F162-3059-423E-BE9E-5C1D6464197F}.Debug|Any CPU.ActiveCfg = Debug|Win32
		{3A87F162-3059-423E-BE9E-5C1D6464197F}.Debug|Any CPU.Build.0 = Debug|Win32
		{3A87F162-3059-423E-BE9E-5C1D6464197F}.Release|Any CPU.ActiveCfg = Release|Win32
		{3A87F162-3059-423E-BE9E-5C1D6464197F}.Release|Any CPU.Build.0 = Release|Win32
		{9D17F2B6-5569-479A-B335-8A9C50DC47A5}.Debug|Any CPU.ActiveCfg = Debug|Win32
		{9D17F2B6-5569-479A-B335-8A9C50DC47A5}.Debug|Any CPU.Build.0 = Debug|Win32
		{9D17F2B6-5569-479A-B335-8A9C50DC47A5}.Release|Any CPU.ActiveCfg = Release|Win32
		{9D17F2B6-5569-479A-B335-8A9C50DC47A5}.Release|Any CPU.Build.0 = Release|Win32
		{520681DA-D9D8-4DA5-9A5F-F5B0494C5B1A}.Debug|Any CPU.ActiveCfg = Debug|Any CPU
		{520681DA-D9D8-4DA5-9A5F-F5B0494C5B1A}.Debug|Any CPU.Build.0 = Debug|Any CPU
		{520681DA-D9D8-4DA5-9A5F-F5B0494C5B1A}.Release|Any CPU.ActiveCfg = Release|Any CPU
		{520681DA-D9D8-4DA5-9A5F-F5B0494C5B1A}.Release|Any CPU.Build.0 = Release|Any CPU
		{AA7E73EC-631D-41B0-9A75-B51B579C7D86}.Debug|Any CPU.ActiveCfg = Debug|Win32
		{AA7E73EC-631D-41B0-9A75-B51B579C7D86}.Debug|Any CPU.Build.0 = Debug|Win32
		{AA7E73EC-631D-41B0-9A75-B51B579C7D86}.Release|Any CPU.ActiveCfg = Release|Win32
		{AA7E73EC-631D-41B0-9A75-B51B579C7D86}.Release|Any CPU.Build.0 = Release|Win32
	EndGlobalSection
EndGlobal
